
Microsoft Visual Studio Solution File, Format Version 12.00
# Visual Studio Version 17
VisualStudioVersion = 17.9.34728.123
MinimumVisualStudioVersion = 10.0.40219.1
Project("{FAE04EC0-301F-11D3-BF4B-00C04F79EFBC}") = "bubbleSortNovo", "bubbleSortNovo\bubbleSortNovo.csproj", "{881B91DD-49E7-464B-B483-5B9D5C87C716}"
EndProject
Global
	GlobalSection(SolutionConfigurationPlatforms) = preSolution
		Debug|Any CPU = Debug|Any CPU
		Release|Any CPU = Release|Any CPU
	EndGlobalSection
	GlobalSection(ProjectConfigurationPlatforms) = postSolution
		{881B91DD-49E7-464B-B483-5B9D5C87C716}.Debug|Any CPU.ActiveCfg = Debug|Any CPU
		{881B91DD-49E7-464B-B483-5B9D5C87C716}.Debug|Any CPU.Build.0 = Debug|Any CPU
		{881B91DD-49E7-464B-B483-5B9D5C87C716}.Release|Any CPU.ActiveCfg = Release|Any CPU
		{881B91DD-49E7-464B-B483-5B9D5C87C716}.Release|Any CPU.Build.0 = Release|Any CPU
	EndGlobalSection
	GlobalSection(SolutionProperties) = preSolution
		HideSolutionNode = FALSE
	EndGlobalSection
	GlobalSection(ExtensibilityGlobals) = postSolution
		SolutionGuid = {DFC556F0-5AC5-4183-B9C0-B9BA6FA4725E}
	EndGlobalSection
EndGlobal
